
Microsoft Visual Studio Solution File, Format Version 12.00
# Visual Studio Version 16
VisualStudioVersion = 16.0.30907.101
MinimumVisualStudioVersion = 10.0.40219.1
Project("{FAE04EC0-301F-11D3-BF4B-00C04F79EFBC}") = "Pipeline", "Pipeline\Pipeline.csproj", "{2D4CA143-9444-422D-A61B-8502153E453E}"
EndProject
Global
	GlobalSection(SolutionConfigurationPlatforms) = preSolution
		Debug|Any CPU = Debug|Any CPU
		Release|Any CPU = Release|Any CPU
	EndGlobalSection
	GlobalSection(ProjectConfigurationPlatforms) = postSolution
		{2D4CA143-9444-422D-A61B-8502153E453E}.Debug|Any CPU.ActiveCfg = Debug|Any CPU
		{2D4CA143-9444-422D-A61B-8502153E453E}.Debug|Any CPU.Build.0 = Debug|Any CPU
		{2D4CA143-9444-422D-A61B-8502153E453E}.Release|Any CPU.ActiveCfg = Release|Any CPU
		{2D4CA143-9444-422D-A61B-8502153E453E}.Release|Any CPU.Build.0 = Release|Any CPU
	EndGlobalSection
	GlobalSection(SolutionProperties) = preSolution
		HideSolutionNode = FALSE
	EndGlobalSection
	GlobalSection(ExtensibilityGlobals) = postSolution
		SolutionGuid = {56FA94EE-406A-4F56-8EDF-2E61B1D1696F}
	EndGlobalSection
EndGlobal
